
Microsoft Visual Studio Solution File, Format Version 12.00
# Visual Studio Version 17
VisualStudioVersion = 17.6.33723.286
MinimumVisualStudioVersion = 10.0.40219.1
Project("{FAE04EC0-301F-11D3-BF4B-00C04F79EFBC}") = "NavMenuTop", "NavMenuTop\NavMenuTop.csproj", "{E1C03CBF-4E56-43FF-9CDA-AFAE25948674}"
EndProject
Global
	GlobalSection(SolutionConfigurationPlatforms) = preSolution
		Debug|Any CPU = Debug|Any CPU
		Release|Any CPU = Release|Any CPU
	EndGlobalSection
	GlobalSection(ProjectConfigurationPlatforms) = postSolution
		{E1C03CBF-4E56-43FF-9CDA-AFAE25948674}.Debug|Any CPU.ActiveCfg = Debug|Any CPU
		{E1C03CBF-4E56-43FF-9CDA-AFAE25948674}.Debug|Any CPU.Build.0 = Debug|Any CPU
		{E1C03CBF-4E56-43FF-9CDA-AFAE25948674}.Release|Any CPU.ActiveCfg = Release|Any CPU
		{E1C03CBF-4E56-43FF-9CDA-AFAE25948674}.Release|Any CPU.Build.0 = Release|Any CPU
	EndGlobalSection
	GlobalSection(SolutionProperties) = preSolution
		HideSolutionNode = FALSE
	EndGlobalSection
	GlobalSection(ExtensibilityGlobals) = postSolution
		SolutionGuid = {F573F9C0-1CA4-427A-A12F-AA14A8766D7B}
	EndGlobalSection
EndGlobal
